[[package]]
category = "dev"
description = "Atomic file writes."
name = "atomicwrites"
optional = false
python-versions = ">=2.7, !=3.0.*, !=3.1.*, !=3.2.*, !=3.3.*"
version = "1.3.0"

[[package]]
category = "main"
description = "Classes Without Boilerplate"
name = "attrs"
optional = false
python-versions = ">=2.7, !=3.0.*, !=3.1.*, !=3.2.*, !=3.3.*"
version = "19.1.0"

[[package]]
category = "dev"
description = "Screen-scraping library"
name = "beautifulsoup4"
optional = false
python-versions = "*"
version = "4.7.1"

[package.dependencies]
soupsieve = ">=1.2"

[[package]]
category = "main"
description = "Cross-platform colored terminal text."
name = "colorama"
optional = false
python-versions = ">=2.7, !=3.0.*, !=3.1.*, !=3.2.*, !=3.3.*"
version = "0.4.1"

[[package]]
category = "dev"
description = "Code coverage measurement for Python"
name = "coverage"
optional = false
python-versions = ">=2.6, !=3.0.*, !=3.1.*, !=3.2.*, <4"
version = "4.5.3"

[[package]]
category = "main"
description = "Docutils -- Python Documentation Utilities"
name = "docutils"
optional = false
python-versions = "*"
version = "0.14"

[[package]]
category = "dev"
description = "Discover and load entry points from installed packages."
name = "entrypoints"
optional = false
python-versions = ">=2.7"
version = "0.3"

[[package]]
category = "main"
description = "Feed Generator (ATOM, RSS, Podcasts)"
name = "feedgen"
optional = false
python-versions = "*"
version = "0.7.0"

[package.dependencies]
lxml = "*"
python-dateutil = "*"

[[package]]
category = "dev"
description = "the modular source code checker: pep8, pyflakes and co"
name = "flake8"
optional = false
python-versions = ">=2.7, !=3.0.*, !=3.1.*, !=3.2.*, !=3.3.*"
version = "3.7.7"

[package.dependencies]
entrypoints = ">=0.3.0,<0.4.0"
mccabe = ">=0.6.0,<0.7.0"
pycodestyle = ">=2.5.0,<2.6.0"
pyflakes = ">=2.1.0,<2.2.0"

[[package]]
category = "dev"
description = "Flake8 lint for quotes."
name = "flake8-quotes"
optional = false
python-versions = "*"
version = "1.0.0"

[package.dependencies]
flake8 = "*"

[[package]]
category = "main"
description = "Internationalized Domain Names in Applications (IDNA)"
marker = "extra == \"format\""
name = "idna"
optional = false
python-versions = ">=2.7, !=3.0.*, !=3.1.*, !=3.2.*, !=3.3.*"
version = "2.8"

[[package]]
category = "dev"
description = "Read metadata from Python packages"
name = "importlib-metadata"
optional = false
python-versions = ">=2.7,!=3.0,!=3.1,!=3.2,!=3.3"
version = "0.18"

[package.dependencies]
zipp = ">=0.5"

[[package]]
category = "main"
description = "A small but fast and easy to use stand-alone template engine written in pure python."
name = "jinja2"
optional = false
python-versions = "*"
version = "2.10.1"

[package.dependencies]
MarkupSafe = ">=0.23"

[[package]]
category = "main"
description = "Identify specific nodes in a JSON document (RFC 6901)"
name = "jsonpointer"
optional = false
python-versions = ">=2.7, !=3.0.*, !=3.1.*, !=3.2.*, !=3.3.*"
version = "2.0"

[[package]]
category = "main"
description = "An implementation of JSON Schema validation for Python"
name = "jsonschema"
optional = false
python-versions = "*"
version = "3.0.1"

[package.dependencies]
attrs = ">=17.4.0"
idna = "*"
jsonpointer = ">1.13"
pyrsistent = ">=0.14.0"
rfc3987 = "*"
setuptools = "*"
six = ">=1.11.0"
strict-rfc3339 = "*"
webcolors = "*"

[[package]]
category = "main"
description = "Powerful and Pythonic XML processing library combining libxml2/libxslt with the ElementTree API."
name = "lxml"
optional = false
python-versions = "*"
version = "4.3.4"

[[package]]
category = "main"
description = "Python implementation of Markdown."
name = "markdown"
optional = false
python-versions = ">=2.7,!=3.0.*,!=3.1.*,!=3.2.*,!=3.3.*,!=3.4.*"
version = "3.1.1"

[package.dependencies]
setuptools = ">=36"

[[package]]
category = "main"
description = "Safely add untrusted strings to HTML/XML markup."
name = "markupsafe"
optional = false
python-versions = ">=2.7,!=3.0.*,!=3.1.*,!=3.2.*,!=3.3.*"
version = "1.1.1"

[[package]]
category = "dev"
description = "McCabe checker, plugin for flake8"
name = "mccabe"
optional = false
python-versions = "*"
version = "0.6.1"

[[package]]
category = "main"
description = "A fast, extensible Markdown parser in pure Python."
name = "mistletoe"
optional = false
python-versions = "~=3.3"
version = "0.7.2"

[[package]]
category = "dev"
description = "Rolling backport of unittest.mock for all Pythons"
name = "mock"
optional = false
python-versions = "*"
version = "2.0.0"

[package.dependencies]
pbr = ">=0.11"
six = ">=1.9"

[[package]]
category = "dev"
description = "More routines for operating on iterables, beyond itertools"
marker = "python_version > \"2.7\""
name = "more-itertools"
optional = false
python-versions = ">=3.4"
version = "7.1.0"

[[package]]
category = "dev"
description = "Core utilities for Python packages"
name = "packaging"
optional = false
python-versions = ">=2.7, !=3.0.*, !=3.1.*, !=3.2.*, !=3.3.*"
version = "19.0"

[package.dependencies]
pyparsing = ">=2.0.2"
six = "*"

[[package]]
category = "dev"
description = "Python Build Reasonableness"
name = "pbr"
optional = false
python-versions = "*"
version = "5.4.0"

[[package]]
category = "dev"
description = "plugin and hook calling mechanisms for python"
name = "pluggy"
optional = false
python-versions = ">=2.7, !=3.0.*, !=3.1.*, !=3.2.*, !=3.3.*"
version = "0.12.0"

[package.dependencies]
importlib-metadata = ">=0.12"

[[package]]
category = "dev"
description = "library with cross-python path, ini-parsing, io, code, log facilities"
name = "py"
optional = false
python-versions = ">=2.7, !=3.0.*, !=3.1.*, !=3.2.*, !=3.3.*"
version = "1.8.0"

[[package]]
category = "dev"
description = "Python style guide checker"
name = "pycodestyle"
optional = false
python-versions = ">=2.7, !=3.0.*, !=3.1.*, !=3.2.*, !=3.3.*"
version = "2.5.0"

[[package]]
category = "dev"
description = "passive checker of Python programs"
name = "pyflakes"
optional = false
python-versions = ">=2.7, !=3.0.*, !=3.1.*, !=3.2.*, !=3.3.*"
version = "2.1.1"

[[package]]
category = "main"
description = "Pygments is a syntax highlighting package written in Python."
name = "pygments"
optional = false
python-versions = ">=2.7, !=3.0.*, !=3.1.*, !=3.2.*, !=3.3.*, !=3.4.*"
version = "2.4.2"

[[package]]
category = "dev"
description = "Python parsing module"
name = "pyparsing"
optional = false
python-versions = ">=2.6, !=3.0.*, !=3.1.*, !=3.2.*"
version = "2.4.0"

[[package]]
category = "main"
description = "Persistent/Functional/Immutable data structures"
name = "pyrsistent"
optional = false
python-versions = "*"
version = "0.15.2"

[package.dependencies]
six = "*"

[[package]]
category = "dev"
description = "pytest: simple powerful testing with Python"
name = "pytest"
optional = false
python-versions = ">=2.7, !=3.0.*, !=3.1.*, !=3.2.*, !=3.3.*"
version = "4.6.4"

[package.dependencies]
atomicwrites = ">=1.0"
attrs = ">=17.4.0"
colorama = "*"
importlib-metadata = ">=0.12"
packaging = "*"
pluggy = ">=0.12,<1.0"
py = ">=1.5.0"
six = ">=1.10.0"
wcwidth = "*"

[package.dependencies.more-itertools]
python = ">=2.8"
version = ">=4.0.0"

[[package]]
category = "dev"
description = "Pytest plugin to randomly order tests and control random.seed."
name = "pytest-randomly"
optional = false
python-versions = "*"
version = "1.2.3"

[package.dependencies]
pytest = "*"

[[package]]
category = "main"
description = "Extensions to the standard Python datetime module"
name = "python-dateutil"
optional = false
python-versions = ">=2.7, !=3.0.*, !=3.1.*, !=3.2.*"
version = "2.8.0"

[package.dependencies]
six = ">=1.5"

[[package]]
category = "main"
description = "YAML parser and emitter for Python"
name = "pyyaml"
optional = false
python-versions = ">=2.7, !=3.0.*, !=3.1.*, !=3.2.*, !=3.3.*"
version = "5.1.1"

[[package]]
category = "main"
description = "Parsing and validation of URIs (RFC 3986) and IRIs (RFC 3987)"
marker = "extra == \"format\""
name = "rfc3987"
optional = false
python-versions = "*"
version = "1.3.8"

[[package]]
category = "main"
description = "Python 2 and 3 compatibility utilities"
name = "six"
optional = false
python-versions = ">=2.6, !=3.0.*, !=3.1.*"
version = "1.12.0"

[[package]]
category = "dev"
description = "A modern CSS selector implementation for Beautiful Soup."
name = "soupsieve"
optional = false
python-versions = "*"
version = "1.9.2"

[[package]]
category = "main"
description = "Strict, simple, lightweight RFC3339 functions"
marker = "extra == \"format\""
name = "strict-rfc3339"
optional = false
python-versions = "*"
version = "0.7"

[[package]]
category = "main"
description = "ANSII Color formatting for output in terminal."
name = "termcolor"
optional = false
python-versions = "*"
version = "1.1.0"

[[package]]
category = "dev"
description = "Convert XML documents into Python objects"
name = "untangle"
optional = false
python-versions = "*"
version = "1.1.1"

[[package]]
category = "dev"
description = "Measures number of Terminal column cells of wide-character codes"
name = "wcwidth"
optional = false
python-versions = "*"
version = "0.1.7"

[[package]]
category = "main"
description = "A library for working with color names and color values formats defined by HTML and CSS."
marker = "extra == \"format\""
name = "webcolors"
optional = false
python-versions = ">=2.7, !=3.0.*, !=3.1.*, !=3.2.*, !=3.3.*, !=3.4.*"
version = "1.9.1"

[package.dependencies]
six = "*"

[[package]]
category = "dev"
description = "Makes working with XML feel like you are working with JSON"
name = "xmltodict"
optional = false
python-versions = "*"
version = "0.11.0"

[[package]]
category = "dev"
description = "Backport of pathlib-compatible object wrapper for zip files"
name = "zipp"
optional = false
python-versions = ">=2.7"
version = "0.5.1"

[metadata]
content-hash = "2476ef6c74f0832e449a043d519e2ee373a516749d99034aec07697777d2ada4"
python-versions = "^3.6"

[metadata.hashes]
atomicwrites = ["03472c30eb2c5d1ba9227e4c2ca66ab8287fbfbbda3888aa93dc2e28fc6811b4", "75a9445bac02d8d058d5e1fe689654ba5a6556a1dfd8ce6ec55a0ed79866cfa6"]
attrs = ["69c0dbf2ed392de1cb5ec704444b08a5ef81680a61cb899dc08127123af36a79", "f0b870f674851ecbfbbbd364d6b5cbdff9dcedbc7f3f5e18a6891057f21fe399"]
beautifulsoup4 = ["034740f6cb549b4e932ae1ab975581e6103ac8f942200a0e9759065984391858", "945065979fb8529dd2f37dbb58f00b661bdbcbebf954f93b32fdf5263ef35348", "ba6d5c59906a85ac23dadfe5c88deaf3e179ef565f4898671253e50a78680718"]
colorama = ["05eed71e2e327246ad6b38c540c4a3117230b19679b875190486ddd2d721422d", "f8ac84de7840f5b9c4e3347b3c1eaa50f7e49c2b07596221daec5edaabbd7c48"]
coverage = ["0c5fe441b9cfdab64719f24e9684502a59432df7570521563d7b1aff27ac755f", "2b412abc4c7d6e019ce7c27cbc229783035eef6d5401695dccba80f481be4eb3", "3684fabf6b87a369017756b551cef29e505cb155ddb892a7a29277b978da88b9", "39e088da9b284f1bd17c750ac672103779f7954ce6125fd4382134ac8d152d74", "3c205bc11cc4fcc57b761c2da73b9b72a59f8d5ca89979afb0c1c6f9e53c7390", "42692db854d13c6c5e9541b6ffe0fe921fe16c9c446358d642ccae1462582d3b", "465ce53a8c0f3a7950dfb836438442f833cf6663d407f37d8c52fe7b6e56d7e8", "48020e343fc40f72a442c8a1334284620f81295256a6b6ca6d8aa1350c763bbe", "4ec30ade438d1711562f3786bea33a9da6107414aed60a5daa974d50a8c2c351", "5296fc86ab612ec12394565c500b412a43b328b3907c0d14358950d06fd83baf", "5f61bed2f7d9b6a9ab935150a6b23d7f84b8055524e7be7715b6513f3328138e", "6899797ac384b239ce1926f3cb86ffc19996f6fa3a1efbb23cb49e0c12d8c18c", "68a43a9f9f83693ce0414d17e019daee7ab3f7113a70c79a3dd4c2f704e4d741", "6b8033d47fe22506856fe450470ccb1d8ba1ffb8463494a15cfc96392a288c09", "7ad7536066b28863e5835e8cfeaa794b7fe352d99a8cded9f43d1161be8e9fbd", "7bacb89ccf4bedb30b277e96e4cc68cd1369ca6841bde7b005191b54d3dd1034", "839dc7c36501254e14331bcb98b27002aa415e4af7ea039d9009409b9d2d5420", "8e679d1bde5e2de4a909efb071f14b472a678b788904440779d2c449c0355b27", "8f9a95b66969cdea53ec992ecea5406c5bd99c9221f539bca1e8406b200ae98c", "932c03d2d565f75961ba1d3cec41ddde00e162c5b46d03f7423edcb807734eab", "93f965415cc51604f571e491f280cff0f5be35895b4eb5e55b47ae90c02a497b", "988529edadc49039d205e0aa6ce049c5ccda4acb2d6c3c5c550c17e8c02c05ba", "998d7e73548fe395eeb294495a04d38942edb66d1fa61eb70418871bc621227e", "9de60893fb447d1e797f6bf08fdf0dbcda0c1e34c1b06c92bd3a363c0ea8c609", "9e80d45d0c7fcee54e22771db7f1b0b126fb4a6c0a2e5afa72f66827207ff2f2", "a545a3dfe5082dc8e8c3eb7f8a2cf4f2870902ff1860bd99b6198cfd1f9d1f49", "a5d8f29e5ec661143621a8f4de51adfb300d7a476224156a39a392254f70687b", "a9abc8c480e103dc05d9b332c6cc9fb1586330356fc14f1aa9c0ca5745097d19", "aca06bfba4759bbdb09bf52ebb15ae20268ee1f6747417837926fae990ebc41d", "bb23b7a6fd666e551a3094ab896a57809e010059540ad20acbeec03a154224ce", "bfd1d0ae7e292105f29d7deaa9d8f2916ed8553ab9d5f39ec65bcf5deadff3f9", "c22ab9f96cbaff05c6a84e20ec856383d27eae09e511d3e6ac4479489195861d", "c62ca0a38958f541a73cf86acdab020c2091631c137bd359c4f5bddde7b75fd4", "c709d8bda72cf4cd348ccec2a4881f2c5848fd72903c185f363d361b2737f773", "c968a6aa7e0b56ecbd28531ddf439c2ec103610d3e2bf3b75b813304f8cb7723", "ca58eba39c68010d7e87a823f22a081b5290e3e3c64714aac3c91481d8b34d22", "df785d8cb80539d0b55fd47183264b7002077859028dfe3070cf6359bf8b2d9c", "f406628ca51e0ae90ae76ea8398677a921b36f0bd71aab2099dfed08abd0322f", "f46087bbd95ebae244a0eda01a618aff11ec7a069b15a3ef8f6b520db523dcf1", "f8019c5279eb32360ca03e9fac40a12667715546eed5c5eb59eb381f2f501260", "fc5f4d209733750afd2714e9109816a29500718b32dd9a5db01c0cb3a019b96a"]
docutils = ["02aec4bd92ab067f6ff27a38a38a41173bf01bed8f89157768c1573f53e474a6", "51e64ef2ebfb29cae1faa133b3710143496eca21c530f3f71424d77687764274", "7a4bd47eaf6596e1295ecb11361139febe29b084a87bf005bf899f9a42edc3c6"]
entrypoints = ["589f874b313739ad35be6e0cd7efde2a4e9b6fea91edcc34e58ecbb8dbe56d19", "c70dd71abe5a8c85e55e12c19bd91ccfeec11a6e99044204511f9ed547d48451"]
feedgen = ["82c9e29884e137c3e3e7959a02f142d1f7a46cd387d572e9e40150112a27604f"]
flake8 = ["859996073f341f2670741b51ec1e67a01da142831aa1fdc6242dbf88dffbe661", "a796a115208f5c03b18f332f7c11729812c8c3ded6c46319c59b53efd3819da8"]
flake8-quotes = ["fd9127ad8bbcf3b546fa7871a5266fd8623ce765ebe3d5aa5eabb80c01212b26"]
idna = ["c357b3f628cf53ae2c4c05627ecc484553142ca23264e593d327bcde5e9c3407", "ea8b7f6188e6fa117537c3df7da9fc686d485087abf6ac197f9c46432f7e4a3c"]
importlib-metadata = ["6dfd58dfe281e8d240937776065dd3624ad5469c835248219bd16cf2e12dbeb7", "cb6ee23b46173539939964df59d3d72c3e0c1b5d54b84f1d8a7e912fe43612db"]
jinja2 = ["065c4f02ebe7f7cf559e49ee5a95fb800a9e4528727aec6f24402a5374c65013", "14dd6caf1527abb21f08f86c784eac40853ba93edb79552aa1e4b8aef1b61c7b"]
jsonpointer = ["c192ba86648e05fdae4f08a17ec25180a9aef5008d973407b581798a83975362", "ff379fa021d1b81ab539f5ec467c7745beb1a5671463f9dcc2b2d458bd361c1e"]
jsonschema = ["0c0a81564f181de3212efa2d17de1910f8732fa1b71c42266d983cd74304e20d", "a5f6559964a3851f59040d3b961de5e68e70971afb88ba519d27e6a039efff1a"]
lxml = ["06c7616601430aa140a69f97e3116308fffe0848f543b639a5ec2e8920ae72fd", "177202792f9842374a8077735c69c41a4282183f7851443d2beb8ee310720819", "19317ad721ceb9e39847d11131903931e2794e447d4751ebb0d9236f1b349ff2", "36d206e62f3e5dbaafd4ec692b67157e271f5da7fd925fda8515da675eace50d", "387115b066c797c85f9861a9613abf50046a15aac16759bc92d04f94acfad082", "3ce1c49d4b4a7bc75fb12acb3a6247bb7a91fe420542e6d671ba9187d12a12c2", "4d2a5a7d6b0dbb8c37dab66a8ce09a8761409c044017721c21718659fa3365a1", "58d0a1b33364d1253a88d18df6c0b2676a1746d27c969dc9e32d143a3701dda5", "62a651c618b846b88fdcae0533ec23f185bb322d6c1845733f3123e8980c1d1b", "69ff21064e7debc9b1b1e2eee8c2d686d042d4257186d70b338206a80c5bc5ea", "7060453eba9ba59d821625c6af6a266bd68277dce6577f754d1eb9116c094266", "7d26b36a9c4bce53b9cfe42e67849ae3c5c23558bc08363e53ffd6d94f4ff4d2", "83b427ad2bfa0b9705e02a83d8d607d2c2f01889eb138168e462a3a052c42368", "923d03c84534078386cf50193057aae98fa94cace8ea7580b74754493fda73ad", "b773715609649a1a180025213f67ffdeb5a4878c784293ada300ee95a1f3257b", "baff149c174e9108d4a2fee192c496711be85534eab63adb122f93e70aa35431", "bca9d118b1014b4c2d19319b10a3ebed508ff649396ce1855e1c96528d9b2fa9", "ce580c28845581535dc6000fc7c35fdadf8bea7ccb57d6321b044508e9ba0685", "d34923a569e70224d88e6682490e24c842907ba2c948c5fd26185413cbe0cd96", "dd9f0e531a049d8b35ec5e6c68a37f1ba6ec3a591415e6804cbdf652793d15d7", "ecb805cbfe9102f3fd3d2ef16dfe5ae9e2d7a7dfbba92f4ff1e16ac9784dbfb0", "ede9aad2197a0202caff35d417b671f5f91a3631477441076082a17c94edd846", "ef2d1fc370400e0aa755aab0b20cf4f1d0e934e7fd5244f3dd4869078e4942b9", "f2fec194a49bfaef42a548ee657362af5c7a640da757f6f452a35da7dd9f923c"]
markdown = ["2e50876bcdd74517e7b71f3e7a76102050edec255b3983403f1a63e7c8a41e7a", "56a46ac655704b91e5b7e6326ce43d5ef72411376588afa1dd90e881b83c7e8c"]
markupsafe = ["00bc623926325b26bb9605ae9eae8a215691f33cae5df11ca5424f06f2d1f473", "09027a7803a62ca78792ad89403b1b7a73a01c8cb65909cd876f7fcebd79b161", "09c4b7f37d6c648cb13f9230d847adf22f8171b1ccc4d5682398e77f40309235", "1027c282dad077d0bae18be6794e6b6b8c91d58ed8a8d89a89d59693b9131db5", "24982cc2533820871eba85ba648cd53d8623687ff11cbb805be4ff7b4c971aff", "29872e92839765e546828bb7754a68c418d927cd064fd4708fab9fe9c8bb116b", "43a55c2930bbc139570ac2452adf3d70cdbb3cfe5912c71cdce1c2c6bbd9c5d1", "46c99d2de99945ec5cb54f23c8cd5689f6d7177305ebff350a58ce5f8de1669e", "500d4957e52ddc3351cabf489e79c91c17f6e0899158447047588650b5e69183", "535f6fc4d397c1563d08b88e485c3496cf5784e927af890fb3c3aac7f933ec66", "62fe6c95e3ec8a7fad637b7f3d372c15ec1caa01ab47926cfdf7a75b40e0eac1", "6dd73240d2af64df90aa7c4e7481e23825ea70af4b4922f8ede5b9e35f78a3b1", "717ba8fe3ae9cc0006d7c451f0bb265ee07739daf76355d06366154ee68d221e", "79855e1c5b8da654cf486b830bd42c06e8780cea587384cf6545b7d9ac013a0b", "7c1699dfe0cf8ff607dbdcc1e9b9af1755371f92a68f706051cc8c37d447c905", "88e5fcfb52ee7b911e8bb6d6aa2fd21fbecc674eadd44118a9cc3863f938e735", "8defac2f2ccd6805ebf65f5eeb132adcf2ab57aa11fdf4c0dd5169a004710e7d", "98c7086708b163d425c67c7a91bad6e466bb99d797aa64f965e9d25c12111a5e", "9add70b36c5666a2ed02b43b335fe19002ee5235efd4b8a89bfcf9005bebac0d", "9bf40443012702a1d2070043cb6291650a0841ece432556f784f004937f0f32c", "ade5e387d2ad0d7ebf59146cc00c8044acbd863725f887353a10df825fc8ae21", "b00c1de48212e4cc9603895652c5c410df699856a2853135b3967591e4beebc2", "b1282f8c00509d99fef04d8ba936b156d419be841854fe901d8ae224c59f0be5", "b2051432115498d3562c084a49bba65d97cf251f5a331c64a12ee7e04dacc51b", "ba59edeaa2fc6114428f1637ffff42da1e311e29382d81b339c1817d37ec93c6", "c8716a48d94b06bb3b2524c2b77e055fb313aeb4ea620c8dd03a105574ba704f", "cd5df75523866410809ca100dc9681e301e3c27567cf498077e8551b6d20e42f", "e249096428b3ae81b08327a63a485ad0878de3fb939049038579ac0ef61e17e7"]
mccabe = ["ab8a6258860da4b6677da4bd2fe5dc2c659cff31b3ee4f7f5d64e79735b80d42", "dd8d182285a0fe56bace7f45b5e7d1a6ebcbf524e8f3bd87eb0f125271b8831f"]
mistletoe = ["24d0f18cc5f0381c2cfb8a24ef3de83eb9f7929cb7d0e71ecb164b671d86e6a3", "3e2d31b2fa6231ea2ee46981274ebac8d5e5736e3aad2d1cd449e2c053b7023b"]
mock = ["5ce3c71c5545b472da17b72268978914d0252980348636840bd34a00b5cc96c1", "b158b6df76edd239b8208d481dc46b6afd45a846b7812ff0ce58971cf5bc8bba"]
more-itertools = ["3ad685ff8512bf6dc5a8b82ebf73543999b657eded8c11803d9ba6b648986f4d", "8bb43d1f51ecef60d81854af61a3a880555a14643691cc4b64a6ee269c78f09a"]
packaging = ["0c98a5d0be38ed775798ece1b9727178c4469d9c3b4ada66e8e6b7849f8732af", "9e1cbf8c12b1f1ce0bb5344b8d7ecf66a6f8a6e91bcb0c84593ed6d3ab5c4ab3"]
pbr = ["36ebd78196e8c9588c972f5571230a059ff83783fabbbbedecc07be263ccd7e6", "5a03f59455ad54f01a94c15829b8b70065462b7bd8d5d7e983306b59127fc841"]
pluggy = ["0825a152ac059776623854c1543d65a4ad408eb3d33ee114dff91e57ec6ae6fc", "b9817417e95936bf75d85d3f8767f7df6cdde751fc40aed3bb3074cbcb77757c"]
py = ["64f65755aee5b381cea27766a3a147c3f15b9b6b9ac88676de66ba2ae36793fa", "dc639b046a6e2cff5bbe40194ad65936d6ba360b52b3c3fe1d08a82dd50b5e53"]
pycodestyle = ["95a2219d12372f05704562a14ec30bc76b05a5b297b21a5dfe3f6fac3491ae56", "e40a936c9a450ad81df37f549d676d127b1b66000a6c500caa2b085bc0ca976c"]
pyflakes = ["17dbeb2e3f4d772725c777fabc446d5634d1038f234e77343108ce445ea69ce0", "d976835886f8c5b31d47970ed689944a0262b5f3afa00a5a7b4dc81e5449f8a2"]
pygments = ["71e430bc85c88a430f000ac1d9b331d2407f681d6f6aec95e8bcfbc3df5b0127", "881c4c157e45f30af185c1ffe8d549d48ac9127433f2c380c24b84572ad66297"]
pyparsing = ["1873c03321fc118f4e9746baf201ff990ceb915f433f23b395f5580d1840cb2a", "9b6323ef4ab914af344ba97510e966d64ba91055d6b9afa6b30799340e89cc03"]
pyrsistent = ["16692ee739d42cf5e39cef8d27649a8c1fdb7aa99887098f1460057c5eb75c3a"]
pytest = ["6aa9bc2f6f6504d7949e9df2a756739ca06e58ffda19b5e53c725f7b03fb4aae", "b77ae6f2d1a760760902a7676887b665c086f71e3461c64ed2a312afcedc00d6"]
pytest-randomly = ["6db5e03d72b54052b9b379dc3cfa4749c19bfe4de161cf3eb24762049f4ce9be", "92ec6745d3ebdd690ecb598648748c9601f16f5afacf83ccef2b50d23e6edb7f"]
python-dateutil = ["7e6584c74aeed623791615e26efd690f29817a27c73085b78e4bad02493df2fb", "c89805f6f4d64db21ed966fda138f8a5ed7a4fdbc1a8ee329ce1b74e3c74da9e"]
pyyaml = ["57acc1d8533cbe51f6662a55434f0dbecfa2b9eaf115bede8f6fd00115a0c0d3", "588c94b3d16b76cfed8e0be54932e5729cc185caffaa5a451e7ad2f7ed8b4043", "68c8dd247f29f9a0d09375c9c6b8fdc64b60810ebf07ba4cdd64ceee3a58c7b7", "70d9818f1c9cd5c48bb87804f2efc8692f1023dac7f1a1a5c61d454043c1d265", "86a93cccd50f8c125286e637328ff4eef108400dd7089b46a7be3445eecfa391", "a0f329125a926876f647c9fa0ef32801587a12328b4a3c741270464e3e4fa778", "a3c252ab0fa1bb0d5a3f6449a4826732f3eb6c0270925548cac342bc9b22c225", "b4bb4d3f5e232425e25dda21c070ce05168a786ac9eda43768ab7f3ac2770955", "cd0618c5ba5bda5f4039b9398bb7fb6a317bb8298218c3de25c47c4740e4b95e", "ceacb9e5f8474dcf45b940578591c7f3d960e82f926c707788a570b51ba59190", "fe6a88094b64132c4bb3b631412e90032e8cfe9745a58370462240b8cb7553cd"]
rfc3987 = ["10702b1e51e5658843460b189b185c0366d2cf4cff716f13111b0ea9fd2dce53", "d3c4d257a560d544e9826b38bc81db676890c79ab9d7ac92b39c7a253d5ca733"]
six = ["3350809f0555b11f552448330d0b52d5f24c91a322ea4a15ef22629740f3761c", "d16a0141ec1a18405cd4ce8b4613101da75da0e9a7aec5bdd4fa804d0e0eba73"]
soupsieve = ["72b5f1aea9101cf720a36bb2327ede866fd6f1a07b1e87c92a1cc18113cbc946", "e4e9c053d59795e440163733a7fec6c5972210e1790c507e4c7b051d6c5259de"]
strict-rfc3339 = ["5cad17bedfc3af57b399db0fed32771f18fc54bbd917e85546088607ac5e1277"]
termcolor = ["1d6d69ce66211143803fbc56652b41d73b4a400a2891d7bf7a1cdf4c02de613b"]
untangle = ["e7cfa1ad57707e6b74cfea8b9fc50f7cbe9bbaf18401cc9d72192002bcd80bcb"]
wcwidth = ["3df37372226d6e63e1b1e1eda15c594bca98a22d33a23832a90998faa96bc65e", "f4ebe71925af7b40a864553f761ed559b43544f8f71746c2d756c7fe788ade7c"]
webcolors = ["18c091bd4bd75efd1e9f84f5eca4a54f6e6485eaa3967d2a55700835a1b1c418", "771adfb75a8d9189724de748b2e9564edf64104726bff0c4f6e11d15635e6517"]
xmltodict = ["8f8d7d40aa28d83f4109a7e8aa86e67a4df202d9538be40c0cb1d70da527b0df", "add07d92089ff611badec526912747cf87afd4f9447af6661aca074eeaf32615"]
zipp = ["8c1019c6aad13642199fbe458275ad6a84907634cc9f0989877ccc4a2840139d", "ca943a7e809cc12257001ccfb99e3563da9af99d52f261725e96dfe0f9275bc3"]
